
Microsoft Visual Studio Solution File, Format Version 12.00
# Visual Studio Version 16
VisualStudioVersion = 25.0.1703.5
MinimumVisualStudioVersion = 10.0.40219.1
Project("{FAE04EC0-301F-11D3-BF4B-00C04F79EFBC}") = "algo_cs", "algo_cs\algo_cs.csproj", "{2023D9C6-D0F4-4624-ADF3-968AC1C2CE6C}"
EndProject
Global
	GlobalSection(SolutionConfigurationPlatforms) = preSolution
		Debug|Any CPU = Debug|Any CPU
		Release|Any CPU = Release|Any CPU
	EndGlobalSection
	GlobalSection(ProjectConfigurationPlatforms) = postSolution
		{2023D9C6-D0F4-4624-ADF3-968AC1C2CE6C}.Debug|Any CPU.ActiveCfg = Debug|Any CPU
		{2023D9C6-D0F4-4624-ADF3-968AC1C2CE6C}.Debug|Any CPU.Build.0 = Debug|Any CPU
		{2023D9C6-D0F4-4624-ADF3-968AC1C2CE6C}.Release|Any CPU.ActiveCfg = Release|Any CPU
		{2023D9C6-D0F4-4624-ADF3-968AC1C2CE6C}.Release|Any CPU.Build.0 = Release|Any CPU
	EndGlobalSection
	GlobalSection(SolutionProperties) = preSolution
		HideSolutionNode = FALSE
	EndGlobalSection
	GlobalSection(ExtensibilityGlobals) = postSolution
		SolutionGuid = {39548925-916B-4B7E-863C-DCACB03D88B2}
	EndGlobalSection
EndGlobal
